
Microsoft Visual Studio Solution File, Format Version 12.00
# Visual Studio Version 16
VisualStudioVersion = 16.0.31205.134
MinimumVisualStudioVersion = 10.0.40219.1
Project("{FAE04EC0-301F-11D3-BF4B-00C04F79EFBC}") = "ArriendoTemporada", "ArriendoTemporada\ArriendoTemporada.csproj", "{45FF5E35-FF1C-4829-92F9-DAAD27E261C1}"
EndProject
Project("{FAE04EC0-301F-11D3-BF4B-00C04F79EFBC}") = "ArriendoTemporada.DALC", "ArriendoTemporada.DALC\ArriendoTemporada.DALC.csproj", "{D6A3A42D-17BB-4CD5-9062-04884A2708F4}"
EndProject
Project("{FAE04EC0-301F-11D3-BF4B-00C04F79EFBC}") = "ArriendoTemporada.Negocio", "ArriendoTemporada.Negocio\ArriendoTemporada.Negocio.csproj", "{5E975994-2153-4EDF-9E66-1EEA00B9521E}"
EndProject
Global
	GlobalSection(SolutionConfigurationPlatforms) = preSolution
		Debug|Any CPU = Debug|Any CPU
		Release|Any CPU = Release|Any CPU
	EndGlobalSection
	GlobalSection(ProjectConfigurationPlatforms) = postSolution
		{45FF5E35-FF1C-4829-92F9-DAAD27E261C1}.Debug|Any CPU.ActiveCfg = Debug|Any CPU
		{45FF5E35-FF1C-4829-92F9-DAAD27E261C1}.Debug|Any CPU.Build.0 = Debug|Any CPU
		{45FF5E35-FF1C-4829-92F9-DAAD27E261C1}.Release|Any CPU.ActiveCfg = Release|Any CPU
		{45FF5E35-FF1C-4829-92F9-DAAD27E261C1}.Release|Any CPU.Build.0 = Release|Any CPU
		{D6A3A42D-17BB-4CD5-9062-04884A2708F4}.Debug|Any CPU.ActiveCfg = Debug|Any CPU
		{D6A3A42D-17BB-4CD5-9062-04884A2708F4}.Debug|Any CPU.Build.0 = Debug|Any CPU
		{D6A3A42D-17BB-4CD5-9062-04884A2708F4}.Release|Any CPU.ActiveCfg = Release|Any CPU
		{D6A3A42D-17BB-4CD5-9062-04884A2708F4}.Release|Any CPU.Build.0 = Release|Any CPU
		{5E975994-2153-4EDF-9E66-1EEA00B9521E}.Debug|Any CPU.ActiveCfg = Debug|Any CPU
		{5E975994-2153-4EDF-9E66-1EEA00B9521E}.Debug|Any CPU.Build.0 = Debug|Any CPU
		{5E975994-2153-4EDF-9E66-1EEA00B9521E}.Release|Any CPU.ActiveCfg = Release|Any CPU
		{5E975994-2153-4EDF-9E66-1EEA00B9521E}.Release|Any CPU.Build.0 = Release|Any CPU
	EndGlobalSection
	GlobalSection(SolutionProperties) = preSolution
		HideSolutionNode = FALSE
	EndGlobalSection
	GlobalSection(ExtensibilityGlobals) = postSolution
		SolutionGuid = {B5265E76-96AF-4BB1-9CB1-6653B4A29DC1}
	EndGlobalSection
EndGlobal
